
Microsoft Visual Studio Solution File, Format Version 10.00
# Visual Studio 2008
Project("{FAE04EC0-301F-11D3-BF4B-00C04F79EFBC}") = "NewBaiduClick", "NewBaiduClick\NewBaiduClick.csproj", "{CE3036C4-181C-4526-A059-44886FBBA6FB}"
EndProject
Global
	GlobalSection(SolutionConfigurationPlatforms) = preSolution
		Debug|Any CPU = Debug|Any CPU
		Release|Any CPU = Release|Any CPU
	EndGlobalSection
	GlobalSection(ProjectConfigurationPlatforms) = postSolution
		{CE3036C4-181C-4526-A059-44886FBBA6FB}.Debug|Any CPU.ActiveCfg = Debug|Any CPU
		{CE3036C4-181C-4526-A059-44886FBBA6FB}.Debug|Any CPU.Build.0 = Debug|Any CPU
		{CE3036C4-181C-4526-A059-44886FBBA6FB}.Release|Any CPU.ActiveCfg = Release|Any CPU
		{CE3036C4-181C-4526-A059-44886FBBA6FB}.Release|Any CPU.Build.0 = Release|Any CPU
	EndGlobalSection
	GlobalSection(SolutionProperties) = preSolution
		HideSolutionNode = FALSE
	EndGlobalSection
EndGlobal
